
Microsoft Visual Studio Solution File, Format Version 12.00
# Visual Studio Version 17
VisualStudioVersion = 17.4.33205.214
MinimumVisualStudioVersion = 10.0.40219.1
Project("{FAE04EC0-301F-11D3-BF4B-00C04F79EFBC}") = "LibEntidades", "LibEntidades\LibEntidades.csproj", "{3E60516F-A684-40E3-9996-167C77176815}"
EndProject
Project("{FAE04EC0-301F-11D3-BF4B-00C04F79EFBC}") = "WinGrupo3B", "WinGrupo3B\WinGrupo3B.csproj", "{AD763253-BF99-4911-8693-A20763175BBC}"
EndProject
Global
	GlobalSection(SolutionConfigurationPlatforms) = preSolution
		Debug|Any CPU = Debug|Any CPU
		Release|Any CPU = Release|Any CPU
	EndGlobalSection
	GlobalSection(ProjectConfigurationPlatforms) = postSolution
		{3E60516F-A684-40E3-9996-167C77176815}.Debug|Any CPU.ActiveCfg = Debug|Any CPU
		{3E60516F-A684-40E3-9996-167C77176815}.Debug|Any CPU.Build.0 = Debug|Any CPU
		{3E60516F-A684-40E3-9996-167C77176815}.Release|Any CPU.ActiveCfg = Release|Any CPU
		{3E60516F-A684-40E3-9996-167C77176815}.Release|Any CPU.Build.0 = Release|Any CPU
		{AD763253-BF99-4911-8693-A20763175BBC}.Debug|Any CPU.ActiveCfg = Debug|Any CPU
		{AD763253-BF99-4911-8693-A20763175BBC}.Debug|Any CPU.Build.0 = Debug|Any CPU
		{AD763253-BF99-4911-8693-A20763175BBC}.Release|Any CPU.ActiveCfg = Release|Any CPU
		{AD763253-BF99-4911-8693-A20763175BBC}.Release|Any CPU.Build.0 = Release|Any CPU
	EndGlobalSection
	GlobalSection(SolutionProperties) = preSolution
		HideSolutionNode = FALSE
	EndGlobalSection
	GlobalSection(ExtensibilityGlobals) = postSolution
		SolutionGuid = {A763496D-8774-4352-9B6B-7402BE2729FF}
	EndGlobalSection
EndGlobal
